
Microsoft Visual Studio Solution File, Format Version 12.00
# Visual Studio Version 17
VisualStudioVersion = 17.9.34723.18
MinimumVisualStudioVersion = 10.0.40219.1
Project("{FAE04EC0-301F-11D3-BF4B-00C04F79EFBC}") = "Week 7 Check Boxes and Radio Buttons", "Week 7 Check Boxes and Radio Buttons.csproj", "{5CAE37FE-1E4A-4B2E-A7DC-2B3AA0AFFE23}"
EndProject
Global
	GlobalSection(SolutionConfigurationPlatforms) = preSolution
		Debug|Any CPU = Debug|Any CPU
		Release|Any CPU = Release|Any CPU
	EndGlobalSection
	GlobalSection(ProjectConfigurationPlatforms) = postSolution
		{5CAE37FE-1E4A-4B2E-A7DC-2B3AA0AFFE23}.Debug|Any CPU.ActiveCfg = Debug|Any CPU
		{5CAE37FE-1E4A-4B2E-A7DC-2B3AA0AFFE23}.Debug|Any CPU.Build.0 = Debug|Any CPU
		{5CAE37FE-1E4A-4B2E-A7DC-2B3AA0AFFE23}.Release|Any CPU.ActiveCfg = Release|Any CPU
		{5CAE37FE-1E4A-4B2E-A7DC-2B3AA0AFFE23}.Release|Any CPU.Build.0 = Release|Any CPU
	EndGlobalSection
	GlobalSection(SolutionProperties) = preSolution
		HideSolutionNode = FALSE
	EndGlobalSection
	GlobalSection(ExtensibilityGlobals) = postSolution
		SolutionGuid = {77892DB9-6148-48F1-835F-112BB6FB8A3F}
	EndGlobalSection
EndGlobal
